
Microsoft Visual Studio Solution File, Format Version 12.00
# Visual Studio Version 17
VisualStudioVersion = 17.13.35825.156 d17.13
MinimumVisualStudioVersion = 10.0.40219.1
Project("{FAE04EC0-301F-11D3-BF4B-00C04F79EFBC}") = "EnergyMeteringSystem.Core", "EnergyMeteringSystem.Core\EnergyMeteringSystem.Core.csproj", "{BC9536C6-20D8-429C-AF30-DC63DDC0919D}"
EndProject
Project("{FAE04EC0-301F-11D3-BF4B-00C04F79EFBC}") = "EnergyMeteringSystem.Data", "EnergyMeteringSystem.Data\EnergyMeteringSystem.Data.csproj", "{C3C99B95-E91E-4AF2-BD95-863FD32F624B}"
EndProject
Project("{FAE04EC0-301F-11D3-BF4B-00C04F79EFBC}") = "EnergyMeteringSystem.Services", "EnergyMeteringSystem.Services\EnergyMeteringSystem.Services.csproj", "{D34236E3-F5AF-484E-8241-A1DC586C90BE}"
EndProject
Project("{FAE04EC0-301F-11D3-BF4B-00C04F79EFBC}") = "EnergyMeteringSystem.App", "EnergyMeteringSystem.App\EnergyMeteringSystem.App.csproj", "{989AE91B-FFEF-4470-B984-503396C9691C}"
EndProject
Global
	GlobalSection(SolutionConfigurationPlatforms) = preSolution
		Debug|Any CPU = Debug|Any CPU
		Release|Any CPU = Release|Any CPU
	EndGlobalSection
	GlobalSection(ProjectConfigurationPlatforms) = postSolution
		{BC9536C6-20D8-429C-AF30-DC63DDC0919D}.Debug|Any CPU.ActiveCfg = Debug|Any CPU
		{BC9536C6-20D8-429C-AF30-DC63DDC0919D}.Debug|Any CPU.Build.0 = Debug|Any CPU
		{BC9536C6-20D8-429C-AF30-DC63DDC0919D}.Release|Any CPU.ActiveCfg = Release|Any CPU
		{BC9536C6-20D8-429C-AF30-DC63DDC0919D}.Release|Any CPU.Build.0 = Release|Any CPU
		{C3C99B95-E91E-4AF2-BD95-863FD32F624B}.Debug|Any CPU.ActiveCfg = Debug|Any CPU
		{C3C99B95-E91E-4AF2-BD95-863FD32F624B}.Debug|Any CPU.Build.0 = Debug|Any CPU
		{C3C99B95-E91E-4AF2-BD95-863FD32F624B}.Release|Any CPU.ActiveCfg = Release|Any CPU
		{C3C99B95-E91E-4AF2-BD95-863FD32F624B}.Release|Any CPU.Build.0 = Release|Any CPU
		{D34236E3-F5AF-484E-8241-A1DC586C90BE}.Debug|Any CPU.ActiveCfg = Debug|Any CPU
		{D34236E3-F5AF-484E-8241-A1DC586C90BE}.Debug|Any CPU.Build.0 = Debug|Any CPU
		{D34236E3-F5AF-484E-8241-A1DC586C90BE}.Release|Any CPU.ActiveCfg = Release|Any CPU
		{D34236E3-F5AF-484E-8241-A1DC586C90BE}.Release|Any CPU.Build.0 = Release|Any CPU
		{989AE91B-FFEF-4470-B984-503396C9691C}.Debug|Any CPU.ActiveCfg = Debug|Any CPU
		{989AE91B-FFEF-4470-B984-503396C9691C}.Debug|Any CPU.Build.0 = Debug|Any CPU
		{989AE91B-FFEF-4470-B984-503396C9691C}.Release|Any CPU.ActiveCfg = Release|Any CPU
		{989AE91B-FFEF-4470-B984-503396C9691C}.Release|Any CPU.Build.0 = Release|Any CPU
	EndGlobalSection
	GlobalSection(SolutionProperties) = preSolution
		HideSolutionNode = FALSE
	EndGlobalSection
	GlobalSection(ExtensibilityGlobals) = postSolution
		SolutionGuid = {2AB7FA50-B5EC-4638-9F50-625AE3DCBF59}
	EndGlobalSection
EndGlobal
